
Microsoft Visual Studio Solution File, Format Version 12.00
# Visual Studio Version 16
VisualStudioVersion = 16.0.808.4
MinimumVisualStudioVersion = 10.0.40219.1
Project("{FAE04EC0-301F-11D3-BF4B-00C04F79EFBC}") = "SampleEx602", "SampleEx602\SampleEx602.csproj", "{C978D7F0-6CED-4685-9E69-EA05055A679C}"
EndProject
Global
	GlobalSection(SolutionConfigurationPlatforms) = preSolution
		Debug|Any CPU = Debug|Any CPU
		Release|Any CPU = Release|Any CPU
	EndGlobalSection
	GlobalSection(ProjectConfigurationPlatforms) = postSolution
		{C978D7F0-6CED-4685-9E69-EA05055A679C}.Debug|Any CPU.ActiveCfg = Debug|Any CPU
		{C978D7F0-6CED-4685-9E69-EA05055A679C}.Debug|Any CPU.Build.0 = Debug|Any CPU
		{C978D7F0-6CED-4685-9E69-EA05055A679C}.Release|Any CPU.ActiveCfg = Release|Any CPU
		{C978D7F0-6CED-4685-9E69-EA05055A679C}.Release|Any CPU.Build.0 = Release|Any CPU
	EndGlobalSection
	GlobalSection(SolutionProperties) = preSolution
		HideSolutionNode = FALSE
	EndGlobalSection
	GlobalSection(ExtensibilityGlobals) = postSolution
		SolutionGuid = {4002395F-0DE4-4B35-B7CE-C434C1624BD5}
	EndGlobalSection
EndGlobal
