
Microsoft Visual Studio Solution File, Format Version 12.00
# Visual Studio Version 16
VisualStudioVersion = 16.0.808.4
MinimumVisualStudioVersion = 10.0.40219.1
Project("{FAE04EC0-301F-11D3-BF4B-00C04F79EFBC}") = "SampleEx303", "SampleEx303\SampleEx303.csproj", "{F875541C-E3F7-4B1B-9954-9B8A06DC4361}"
EndProject
Global
	GlobalSection(SolutionConfigurationPlatforms) = preSolution
		Debug|Any CPU = Debug|Any CPU
		Release|Any CPU = Release|Any CPU
	EndGlobalSection
	GlobalSection(ProjectConfigurationPlatforms) = postSolution
		{F875541C-E3F7-4B1B-9954-9B8A06DC4361}.Debug|Any CPU.ActiveCfg = Debug|Any CPU
		{F875541C-E3F7-4B1B-9954-9B8A06DC4361}.Debug|Any CPU.Build.0 = Debug|Any CPU
		{F875541C-E3F7-4B1B-9954-9B8A06DC4361}.Release|Any CPU.ActiveCfg = Release|Any CPU
		{F875541C-E3F7-4B1B-9954-9B8A06DC4361}.Release|Any CPU.Build.0 = Release|Any CPU
	EndGlobalSection
	GlobalSection(SolutionProperties) = preSolution
		HideSolutionNode = FALSE
	EndGlobalSection
	GlobalSection(ExtensibilityGlobals) = postSolution
		SolutionGuid = {B0AE89A8-2A4F-496A-B866-02E9BA3A0BE9}
	EndGlobalSection
EndGlobal
