
Microsoft Visual Studio Solution File, Format Version 12.00
# Visual Studio Version 16
VisualStudioVersion = 16.0.808.4
MinimumVisualStudioVersion = 10.0.40219.1
Project("{FAE04EC0-301F-11D3-BF4B-00C04F79EFBC}") = "SampleEx703", "SampleEx703\SampleEx703.csproj", "{5EDD7B8E-9591-4A7B-BF98-AAB5DA26F92D}"
EndProject
Global
	GlobalSection(SolutionConfigurationPlatforms) = preSolution
		Debug|Any CPU = Debug|Any CPU
		Release|Any CPU = Release|Any CPU
	EndGlobalSection
	GlobalSection(ProjectConfigurationPlatforms) = postSolution
		{5EDD7B8E-9591-4A7B-BF98-AAB5DA26F92D}.Debug|Any CPU.ActiveCfg = Debug|Any CPU
		{5EDD7B8E-9591-4A7B-BF98-AAB5DA26F92D}.Debug|Any CPU.Build.0 = Debug|Any CPU
		{5EDD7B8E-9591-4A7B-BF98-AAB5DA26F92D}.Release|Any CPU.ActiveCfg = Release|Any CPU
		{5EDD7B8E-9591-4A7B-BF98-AAB5DA26F92D}.Release|Any CPU.Build.0 = Release|Any CPU
	EndGlobalSection
	GlobalSection(SolutionProperties) = preSolution
		HideSolutionNode = FALSE
	EndGlobalSection
	GlobalSection(ExtensibilityGlobals) = postSolution
		SolutionGuid = {EA4F2F7F-E409-4B61-A109-BD76EA1F25AA}
	EndGlobalSection
EndGlobal
