
Microsoft Visual Studio Solution File, Format Version 12.00
# Visual Studio Version 16
VisualStudioVersion = 16.0.808.4
MinimumVisualStudioVersion = 10.0.40219.1
Project("{FAE04EC0-301F-11D3-BF4B-00C04F79EFBC}") = "Sample205", "Sample205\Sample205.csproj", "{1A90AFA8-6EB2-443C-B42C-847E38CFC919}"
EndProject
Global
	GlobalSection(SolutionConfigurationPlatforms) = preSolution
		Debug|Any CPU = Debug|Any CPU
		Release|Any CPU = Release|Any CPU
	EndGlobalSection
	GlobalSection(ProjectConfigurationPlatforms) = postSolution
		{1A90AFA8-6EB2-443C-B42C-847E38CFC919}.Debug|Any CPU.ActiveCfg = Debug|Any CPU
		{1A90AFA8-6EB2-443C-B42C-847E38CFC919}.Debug|Any CPU.Build.0 = Debug|Any CPU
		{1A90AFA8-6EB2-443C-B42C-847E38CFC919}.Release|Any CPU.ActiveCfg = Release|Any CPU
		{1A90AFA8-6EB2-443C-B42C-847E38CFC919}.Release|Any CPU.Build.0 = Release|Any CPU
	EndGlobalSection
	GlobalSection(SolutionProperties) = preSolution
		HideSolutionNode = FALSE
	EndGlobalSection
	GlobalSection(ExtensibilityGlobals) = postSolution
		SolutionGuid = {DD0E40D3-FDC2-48E2-BFBA-BF9D82D923A1}
	EndGlobalSection
EndGlobal
