
Microsoft Visual Studio Solution File, Format Version 12.00
# Visual Studio Version 16
VisualStudioVersion = 16.0.808.4
MinimumVisualStudioVersion = 10.0.40219.1
Project("{FAE04EC0-301F-11D3-BF4B-00C04F79EFBC}") = "Exersice701", "Exersice701\Exersice701.csproj", "{98C51046-3BF6-4430-8041-D57B8626D984}"
EndProject
Global
	GlobalSection(SolutionConfigurationPlatforms) = preSolution
		Debug|Any CPU = Debug|Any CPU
		Release|Any CPU = Release|Any CPU
	EndGlobalSection
	GlobalSection(ProjectConfigurationPlatforms) = postSolution
		{98C51046-3BF6-4430-8041-D57B8626D984}.Debug|Any CPU.ActiveCfg = Debug|Any CPU
		{98C51046-3BF6-4430-8041-D57B8626D984}.Debug|Any CPU.Build.0 = Debug|Any CPU
		{98C51046-3BF6-4430-8041-D57B8626D984}.Release|Any CPU.ActiveCfg = Release|Any CPU
		{98C51046-3BF6-4430-8041-D57B8626D984}.Release|Any CPU.Build.0 = Release|Any CPU
	EndGlobalSection
	GlobalSection(SolutionProperties) = preSolution
		HideSolutionNode = FALSE
	EndGlobalSection
	GlobalSection(ExtensibilityGlobals) = postSolution
		SolutionGuid = {5EB635CA-0606-4D63-82E0-9FE010D34A77}
	EndGlobalSection
EndGlobal
