
Microsoft Visual Studio Solution File, Format Version 12.00
# Visual Studio Version 16
VisualStudioVersion = 16.0.808.4
MinimumVisualStudioVersion = 10.0.40219.1
Project("{FAE04EC0-301F-11D3-BF4B-00C04F79EFBC}") = "Exercise601", "Exercise601\Exercise601.csproj", "{5C2AA4AB-8F49-43DF-AD4A-1207EC435A05}"
EndProject
Global
	GlobalSection(SolutionConfigurationPlatforms) = preSolution
		Debug|Any CPU = Debug|Any CPU
		Release|Any CPU = Release|Any CPU
	EndGlobalSection
	GlobalSection(ProjectConfigurationPlatforms) = postSolution
		{5C2AA4AB-8F49-43DF-AD4A-1207EC435A05}.Debug|Any CPU.ActiveCfg = Debug|Any CPU
		{5C2AA4AB-8F49-43DF-AD4A-1207EC435A05}.Debug|Any CPU.Build.0 = Debug|Any CPU
		{5C2AA4AB-8F49-43DF-AD4A-1207EC435A05}.Release|Any CPU.ActiveCfg = Release|Any CPU
		{5C2AA4AB-8F49-43DF-AD4A-1207EC435A05}.Release|Any CPU.Build.0 = Release|Any CPU
	EndGlobalSection
	GlobalSection(SolutionProperties) = preSolution
		HideSolutionNode = FALSE
	EndGlobalSection
	GlobalSection(ExtensibilityGlobals) = postSolution
		SolutionGuid = {A75206FC-61EA-4940-A095-0E911365428F}
	EndGlobalSection
EndGlobal
