
Microsoft Visual Studio Solution File, Format Version 12.00
# Visual Studio Version 16
VisualStudioVersion = 16.0.808.4
MinimumVisualStudioVersion = 10.0.40219.1
Project("{FAE04EC0-301F-11D3-BF4B-00C04F79EFBC}") = "exsercise503", "exsercise503\exsercise503.csproj", "{08840B69-16E6-4BE2-B911-70A39FC8D025}"
EndProject
Global
	GlobalSection(SolutionConfigurationPlatforms) = preSolution
		Debug|Any CPU = Debug|Any CPU
		Release|Any CPU = Release|Any CPU
	EndGlobalSection
	GlobalSection(ProjectConfigurationPlatforms) = postSolution
		{08840B69-16E6-4BE2-B911-70A39FC8D025}.Debug|Any CPU.ActiveCfg = Debug|Any CPU
		{08840B69-16E6-4BE2-B911-70A39FC8D025}.Debug|Any CPU.Build.0 = Debug|Any CPU
		{08840B69-16E6-4BE2-B911-70A39FC8D025}.Release|Any CPU.ActiveCfg = Release|Any CPU
		{08840B69-16E6-4BE2-B911-70A39FC8D025}.Release|Any CPU.Build.0 = Release|Any CPU
	EndGlobalSection
	GlobalSection(SolutionProperties) = preSolution
		HideSolutionNode = FALSE
	EndGlobalSection
	GlobalSection(ExtensibilityGlobals) = postSolution
		SolutionGuid = {B8D1B723-3B53-49C3-AC7C-EF2EFE69C181}
	EndGlobalSection
EndGlobal
