
Microsoft Visual Studio Solution File, Format Version 12.00
# Visual Studio Version 16
VisualStudioVersion = 16.0.808.4
MinimumVisualStudioVersion = 10.0.40219.1
Project("{FAE04EC0-301F-11D3-BF4B-00C04F79EFBC}") = "Sample401", "Sample401\Sample401.csproj", "{6A440B84-ECD4-46D6-A1D0-56E1B6D6741E}"
EndProject
Global
	GlobalSection(SolutionConfigurationPlatforms) = preSolution
		Debug|Any CPU = Debug|Any CPU
		Release|Any CPU = Release|Any CPU
	EndGlobalSection
	GlobalSection(ProjectConfigurationPlatforms) = postSolution
		{6A440B84-ECD4-46D6-A1D0-56E1B6D6741E}.Debug|Any CPU.ActiveCfg = Debug|Any CPU
		{6A440B84-ECD4-46D6-A1D0-56E1B6D6741E}.Debug|Any CPU.Build.0 = Debug|Any CPU
		{6A440B84-ECD4-46D6-A1D0-56E1B6D6741E}.Release|Any CPU.ActiveCfg = Release|Any CPU
		{6A440B84-ECD4-46D6-A1D0-56E1B6D6741E}.Release|Any CPU.Build.0 = Release|Any CPU
	EndGlobalSection
	GlobalSection(SolutionProperties) = preSolution
		HideSolutionNode = FALSE
	EndGlobalSection
	GlobalSection(ExtensibilityGlobals) = postSolution
		SolutionGuid = {522AD456-DE4C-4625-9956-EEB28705F159}
	EndGlobalSection
EndGlobal
