
Microsoft Visual Studio Solution File, Format Version 12.00
# Visual Studio Version 16
VisualStudioVersion = 16.0.808.4
MinimumVisualStudioVersion = 10.0.40219.1
Project("{FAE04EC0-301F-11D3-BF4B-00C04F79EFBC}") = "SampleEx702", "SampleEx702\SampleEx702.csproj", "{8107280E-BBB7-43AD-889C-03FD8E7222FB}"
EndProject
Global
	GlobalSection(SolutionConfigurationPlatforms) = preSolution
		Debug|Any CPU = Debug|Any CPU
		Release|Any CPU = Release|Any CPU
	EndGlobalSection
	GlobalSection(ProjectConfigurationPlatforms) = postSolution
		{8107280E-BBB7-43AD-889C-03FD8E7222FB}.Debug|Any CPU.ActiveCfg = Debug|Any CPU
		{8107280E-BBB7-43AD-889C-03FD8E7222FB}.Debug|Any CPU.Build.0 = Debug|Any CPU
		{8107280E-BBB7-43AD-889C-03FD8E7222FB}.Release|Any CPU.ActiveCfg = Release|Any CPU
		{8107280E-BBB7-43AD-889C-03FD8E7222FB}.Release|Any CPU.Build.0 = Release|Any CPU
	EndGlobalSection
	GlobalSection(SolutionProperties) = preSolution
		HideSolutionNode = FALSE
	EndGlobalSection
	GlobalSection(ExtensibilityGlobals) = postSolution
		SolutionGuid = {0DCF2669-D18B-4063-B5E9-48115013830B}
	EndGlobalSection
EndGlobal
