
Microsoft Visual Studio Solution File, Format Version 12.00
# Visual Studio Version 16
VisualStudioVersion = 16.0.808.4
MinimumVisualStudioVersion = 10.0.40219.1
Project("{FAE04EC0-301F-11D3-BF4B-00C04F79EFBC}") = "Sample202", "Sample202\Sample202.csproj", "{C8D89C85-757A-4661-85E1-288A7B978616}"
EndProject
Global
	GlobalSection(SolutionConfigurationPlatforms) = preSolution
		Debug|Any CPU = Debug|Any CPU
		Release|Any CPU = Release|Any CPU
	EndGlobalSection
	GlobalSection(ProjectConfigurationPlatforms) = postSolution
		{C8D89C85-757A-4661-85E1-288A7B978616}.Debug|Any CPU.ActiveCfg = Debug|Any CPU
		{C8D89C85-757A-4661-85E1-288A7B978616}.Debug|Any CPU.Build.0 = Debug|Any CPU
		{C8D89C85-757A-4661-85E1-288A7B978616}.Release|Any CPU.ActiveCfg = Release|Any CPU
		{C8D89C85-757A-4661-85E1-288A7B978616}.Release|Any CPU.Build.0 = Release|Any CPU
	EndGlobalSection
	GlobalSection(SolutionProperties) = preSolution
		HideSolutionNode = FALSE
	EndGlobalSection
	GlobalSection(ExtensibilityGlobals) = postSolution
		SolutionGuid = {4EEE5BEC-CD9F-4E96-8D99-3FFE94AC8255}
	EndGlobalSection
EndGlobal
