
Microsoft Visual Studio Solution File, Format Version 12.00
# Visual Studio Version 16
VisualStudioVersion = 16.0.808.4
MinimumVisualStudioVersion = 10.0.40219.1
Project("{FAE04EC0-301F-11D3-BF4B-00C04F79EFBC}") = "SampleEx603", "SampleEx603\SampleEx603.csproj", "{379D8B12-4A69-41A6-B1A5-FE47591C17F4}"
EndProject
Global
	GlobalSection(SolutionConfigurationPlatforms) = preSolution
		Debug|Any CPU = Debug|Any CPU
		Release|Any CPU = Release|Any CPU
	EndGlobalSection
	GlobalSection(ProjectConfigurationPlatforms) = postSolution
		{379D8B12-4A69-41A6-B1A5-FE47591C17F4}.Debug|Any CPU.ActiveCfg = Debug|Any CPU
		{379D8B12-4A69-41A6-B1A5-FE47591C17F4}.Debug|Any CPU.Build.0 = Debug|Any CPU
		{379D8B12-4A69-41A6-B1A5-FE47591C17F4}.Release|Any CPU.ActiveCfg = Release|Any CPU
		{379D8B12-4A69-41A6-B1A5-FE47591C17F4}.Release|Any CPU.Build.0 = Release|Any CPU
	EndGlobalSection
	GlobalSection(SolutionProperties) = preSolution
		HideSolutionNode = FALSE
	EndGlobalSection
	GlobalSection(ExtensibilityGlobals) = postSolution
		SolutionGuid = {04B3BF7A-2105-4577-89D7-E1FA71F0CA90}
	EndGlobalSection
EndGlobal
