
Microsoft Visual Studio Solution File, Format Version 12.00
# Visual Studio Version 16
VisualStudioVersion = 16.0.808.4
MinimumVisualStudioVersion = 10.0.40219.1
Project("{FAE04EC0-301F-11D3-BF4B-00C04F79EFBC}") = "Excercice201", "Excercice201\Excercice201.csproj", "{680B9308-DC74-4028-A47A-A1F7510C1467}"
EndProject
Global
	GlobalSection(SolutionConfigurationPlatforms) = preSolution
		Debug|Any CPU = Debug|Any CPU
		Release|Any CPU = Release|Any CPU
	EndGlobalSection
	GlobalSection(ProjectConfigurationPlatforms) = postSolution
		{680B9308-DC74-4028-A47A-A1F7510C1467}.Debug|Any CPU.ActiveCfg = Debug|Any CPU
		{680B9308-DC74-4028-A47A-A1F7510C1467}.Debug|Any CPU.Build.0 = Debug|Any CPU
		{680B9308-DC74-4028-A47A-A1F7510C1467}.Release|Any CPU.ActiveCfg = Release|Any CPU
		{680B9308-DC74-4028-A47A-A1F7510C1467}.Release|Any CPU.Build.0 = Release|Any CPU
	EndGlobalSection
	GlobalSection(SolutionProperties) = preSolution
		HideSolutionNode = FALSE
	EndGlobalSection
	GlobalSection(ExtensibilityGlobals) = postSolution
		SolutionGuid = {DC664E28-C7BF-4426-8782-4E268710BA78}
	EndGlobalSection
EndGlobal
