
Microsoft Visual Studio Solution File, Format Version 12.00
# Visual Studio Version 16
VisualStudioVersion = 16.0.808.4
MinimumVisualStudioVersion = 10.0.40219.1
Project("{FAE04EC0-301F-11D3-BF4B-00C04F79EFBC}") = "Sample701", "Sample701\Sample701.csproj", "{37118E12-C011-4B47-B3DE-3CDC5A2725D0}"
EndProject
Global
	GlobalSection(SolutionConfigurationPlatforms) = preSolution
		Debug|Any CPU = Debug|Any CPU
		Release|Any CPU = Release|Any CPU
	EndGlobalSection
	GlobalSection(ProjectConfigurationPlatforms) = postSolution
		{37118E12-C011-4B47-B3DE-3CDC5A2725D0}.Debug|Any CPU.ActiveCfg = Debug|Any CPU
		{37118E12-C011-4B47-B3DE-3CDC5A2725D0}.Debug|Any CPU.Build.0 = Debug|Any CPU
		{37118E12-C011-4B47-B3DE-3CDC5A2725D0}.Release|Any CPU.ActiveCfg = Release|Any CPU
		{37118E12-C011-4B47-B3DE-3CDC5A2725D0}.Release|Any CPU.Build.0 = Release|Any CPU
	EndGlobalSection
	GlobalSection(SolutionProperties) = preSolution
		HideSolutionNode = FALSE
	EndGlobalSection
	GlobalSection(ExtensibilityGlobals) = postSolution
		SolutionGuid = {8C87DB49-2681-4B56-98B4-6D5122EECE3E}
	EndGlobalSection
EndGlobal
