
Microsoft Visual Studio Solution File, Format Version 12.00
# Visual Studio Version 16
VisualStudioVersion = 16.0.808.4
MinimumVisualStudioVersion = 10.0.40219.1
Project("{FAE04EC0-301F-11D3-BF4B-00C04F79EFBC}") = "Sample501", "Sample501\Sample501.csproj", "{ECAAA555-644C-469B-A7E5-85C770605F2D}"
EndProject
Global
	GlobalSection(SolutionConfigurationPlatforms) = preSolution
		Debug|Any CPU = Debug|Any CPU
		Release|Any CPU = Release|Any CPU
	EndGlobalSection
	GlobalSection(ProjectConfigurationPlatforms) = postSolution
		{ECAAA555-644C-469B-A7E5-85C770605F2D}.Debug|Any CPU.ActiveCfg = Debug|Any CPU
		{ECAAA555-644C-469B-A7E5-85C770605F2D}.Debug|Any CPU.Build.0 = Debug|Any CPU
		{ECAAA555-644C-469B-A7E5-85C770605F2D}.Release|Any CPU.ActiveCfg = Release|Any CPU
		{ECAAA555-644C-469B-A7E5-85C770605F2D}.Release|Any CPU.Build.0 = Release|Any CPU
	EndGlobalSection
	GlobalSection(SolutionProperties) = preSolution
		HideSolutionNode = FALSE
	EndGlobalSection
	GlobalSection(ExtensibilityGlobals) = postSolution
		SolutionGuid = {2A0C5135-D7A0-45C2-8323-A178D5F2DE96}
	EndGlobalSection
EndGlobal
