
Microsoft Visual Studio Solution File, Format Version 12.00
# Visual Studio Version 16
VisualStudioVersion = 16.0.808.4
MinimumVisualStudioVersion = 10.0.40219.1
Project("{FAE04EC0-301F-11D3-BF4B-00C04F79EFBC}") = "Sample201", "Sample201\Sample201.csproj", "{AFD334F1-A8FF-4477-AC18-20ADF65E8CCA}"
EndProject
Global
	GlobalSection(SolutionConfigurationPlatforms) = preSolution
		Debug|Any CPU = Debug|Any CPU
		Release|Any CPU = Release|Any CPU
	EndGlobalSection
	GlobalSection(ProjectConfigurationPlatforms) = postSolution
		{AFD334F1-A8FF-4477-AC18-20ADF65E8CCA}.Debug|Any CPU.ActiveCfg = Debug|Any CPU
		{AFD334F1-A8FF-4477-AC18-20ADF65E8CCA}.Debug|Any CPU.Build.0 = Debug|Any CPU
		{AFD334F1-A8FF-4477-AC18-20ADF65E8CCA}.Release|Any CPU.ActiveCfg = Release|Any CPU
		{AFD334F1-A8FF-4477-AC18-20ADF65E8CCA}.Release|Any CPU.Build.0 = Release|Any CPU
	EndGlobalSection
	GlobalSection(SolutionProperties) = preSolution
		HideSolutionNode = FALSE
	EndGlobalSection
	GlobalSection(ExtensibilityGlobals) = postSolution
		SolutionGuid = {74601349-FBD8-406E-B4C0-FDAB7D320CB4}
	EndGlobalSection
EndGlobal
